
Microsoft Visual Studio Solution File, Format Version 11.00
# Visual Studio 2010
Project("{FAE04EC0-301F-11D3-BF4B-00C04F79EFBC}") = "Cluster", "Clusters\Cluster.csproj", "{D1A1C25C-4BB8-488A-B639-0C47E50DB904}"
EndProject
Project("{FAE04EC0-301F-11D3-BF4B-00C04F79EFBC}") = "ConsoleApplication", "ConsoleApplication\ConsoleApplication.csproj", "{5F040622-6980-4BA5-B615-368B56FEC2FB}"
EndProject
Project("{FAE04EC0-301F-11D3-BF4B-00C04F79EFBC}") = "KML", "KML\KML.csproj", "{BCE7D55F-C3D2-4B91-B9A3-3F1151C595B0}"
EndProject
Project("{FAE04EC0-301F-11D3-BF4B-00C04F79EFBC}") = "Analysis.Heatmap", "Analysis.Heatmap\Analysis.Heatmap.csproj", "{7BDC71EA-B1AB-408C-8912-EA959F5AE7C6}"
EndProject
Global
	GlobalSection(SolutionConfigurationPlatforms) = preSolution
		Debug|Any CPU = Debug|Any CPU
		Release|Any CPU = Release|Any CPU
	EndGlobalSection
	GlobalSection(ProjectConfigurationPlatforms) = postSolution
		{D1A1C25C-4BB8-488A-B639-0C47E50DB904}.Debug|Any CPU.ActiveCfg = Debug|Any CPU
		{D1A1C25C-4BB8-488A-B639-0C47E50DB904}.Debug|Any CPU.Build.0 = Debug|Any CPU
		{D1A1C25C-4BB8-488A-B639-0C47E50DB904}.Release|Any CPU.ActiveCfg = Release|Any CPU
		{D1A1C25C-4BB8-488A-B639-0C47E50DB904}.Release|Any CPU.Build.0 = Release|Any CPU
		{5F040622-6980-4BA5-B615-368B56FEC2FB}.Debug|Any CPU.ActiveCfg = Debug|Any CPU
		{5F040622-6980-4BA5-B615-368B56FEC2FB}.Debug|Any CPU.Build.0 = Debug|Any CPU
		{5F040622-6980-4BA5-B615-368B56FEC2FB}.Release|Any CPU.ActiveCfg = Release|Any CPU
		{5F040622-6980-4BA5-B615-368B56FEC2FB}.Release|Any CPU.Build.0 = Release|Any CPU
		{BCE7D55F-C3D2-4B91-B9A3-3F1151C595B0}.Debug|Any CPU.ActiveCfg = Debug|Any CPU
		{BCE7D55F-C3D2-4B91-B9A3-3F1151C595B0}.Debug|Any CPU.Build.0 = Debug|Any CPU
		{BCE7D55F-C3D2-4B91-B9A3-3F1151C595B0}.Release|Any CPU.ActiveCfg = Release|Any CPU
		{BCE7D55F-C3D2-4B91-B9A3-3F1151C595B0}.Release|Any CPU.Build.0 = Release|Any CPU
		{7BDC71EA-B1AB-408C-8912-EA959F5AE7C6}.Debug|Any CPU.ActiveCfg = Debug|Any CPU
		{7BDC71EA-B1AB-408C-8912-EA959F5AE7C6}.Debug|Any CPU.Build.0 = Debug|Any CPU
		{7BDC71EA-B1AB-408C-8912-EA959F5AE7C6}.Release|Any CPU.ActiveCfg = Release|Any CPU
		{7BDC71EA-B1AB-408C-8912-EA959F5AE7C6}.Release|Any CPU.Build.0 = Release|Any CPU
	EndGlobalSection
	GlobalSection(SolutionProperties) = preSolution
		HideSolutionNode = FALSE
	EndGlobalSection
EndGlobal
